# THIS IS AN AUTOGENERATED FILE. DO NOT EDIT THIS FILE DIRECTLY.
# yarn lockfile v1


lin-ui@^0.7.2:
  version "0.7.2"
  resolved "https://registry.yarnpkg.com/lin-ui/-/lin-ui-0.7.2.tgz#175ffefe43b85bf437f672872fa13aebd8b818c5"
  integrity sha512-OtdpgCIhYxtJZOWH7ebV30P/oNtozZlE9HxTJlryy+3hkHw0NHAfM0EwGV4yRqzcRAot2efzhJogj1yYmThLvA==
